
Microsoft Visual Studio Solution File, Format Version 12.00
# Visual Studio Version 17
VisualStudioVersion = 17.14.36301.6 d17.14
MinimumVisualStudioVersion = 10.0.40219.1
Project("{FAE04EC0-301F-11D3-BF4B-00C04F79EFBC}") = "GMapsWebView", "GMapsWebView.csproj", "{74F882B1-8C08-4CD9-B0DF-22E6A64FABF6}"
EndProject
Global
	GlobalSection(SolutionConfigurationPlatforms) = preSolution
		Debug|Any CPU = Debug|Any CPU
		Release|Any CPU = Release|Any CPU
	EndGlobalSection
	GlobalSection(ProjectConfigurationPlatforms) = postSolution
		{74F882B1-8C08-4CD9-B0DF-22E6A64FABF6}.Debug|Any CPU.ActiveCfg = Debug|Any CPU
		{74F882B1-8C08-4CD9-B0DF-22E6A64FABF6}.Debug|Any CPU.Build.0 = Debug|Any CPU
		{74F882B1-8C08-4CD9-B0DF-22E6A64FABF6}.Release|Any CPU.ActiveCfg = Release|Any CPU
		{74F882B1-8C08-4CD9-B0DF-22E6A64FABF6}.Release|Any CPU.Build.0 = Release|Any CPU
	EndGlobalSection
	GlobalSection(SolutionProperties) = preSolution
		HideSolutionNode = FALSE
	EndGlobalSection
	GlobalSection(ExtensibilityGlobals) = postSolution
		SolutionGuid = {C3F41CD3-5174-460E-8D93-CC72294C032F}
	EndGlobalSection
EndGlobal
